
Microsoft Visual Studio Solution File, Format Version 12.00
Project("{FAE04EC0-301F-11D3-BF4B-00C04F79EFBC}") = "Shelter.Core", "src\Shelter\Shelter.Core\Shelter.Core.csproj", "{E07ACCB5-61C3-4875-83FB-B2E68EF98DC6}"
EndProject
Project("{2150E333-8FDC-42A3-9474-1A3956D46DE8}") = "src", "src", "{F1938ED3-8031-42DD-B4E7-CC9943EC2558}"
EndProject
Project("{2150E333-8FDC-42A3-9474-1A3956D46DE8}") = "Shelter", "Shelter", "{28C81C67-9B3E-4733-B92F-8C714DA28759}"
EndProject
Project("{FAE04EC0-301F-11D3-BF4B-00C04F79EFBC}") = "Shelter.Data", "src\Shelter\Shelter.Data\Shelter.Data.csproj", "{03FDC127-4C36-476D-B471-BA5A8F43D320}"
EndProject
Project("{2150E333-8FDC-42A3-9474-1A3956D46DE8}") = "tests", "tests", "{84F73A7B-A6D1-4638-AD24-5B632BB9D364}"
EndProject
Project("{2150E333-8FDC-42A3-9474-1A3956D46DE8}") = "Shelter.Auth", "Shelter.Auth", "{7CFBE47A-FDB6-4B71-A84D-23B095264C0D}"
EndProject
Project("{FAE04EC0-301F-11D3-BF4B-00C04F79EFBC}") = "Shelter.Auth.Core", "src\Shelter.Auth\Shelter.Auth.Core\Shelter.Auth.Core.csproj", "{08704958-05E8-4851-BB32-C40CED324ADE}"
EndProject
Project("{FAE04EC0-301F-11D3-BF4B-00C04F79EFBC}") = "Shelter.Auth.Data", "src\Shelter.Auth\Shelter.Auth.Data\Shelter.Auth.Data.csproj", "{A4A5AA51-D0F5-4D0C-83C1-BBDC7C7C9BD5}"
EndProject
Project("{FAE04EC0-301F-11D3-BF4B-00C04F79EFBC}") = "Shelter.Auth.Web", "src\Shelter.Auth\Shelter.Auth.Web\Shelter.Auth.Web.csproj", "{6F63B0D2-8CF5-48E2-9119-C89EB4F96FEB}"
EndProject
Project("{2150E333-8FDC-42A3-9474-1A3956D46DE8}") = "Shelter", "Shelter", "{C3A167BC-47E6-4EE2-94EC-4F05AC5008FA}"
EndProject
Project("{FAE04EC0-301F-11D3-BF4B-00C04F79EFBC}") = "Shelter.Data.Tests", "tests\Shelter\Shelter.Data.Tests\Shelter.Data.Tests.csproj", "{7826C9AF-88F0-4B61-B65E-F103941104F5}"
EndProject
Project("{FAE04EC0-301F-11D3-BF4B-00C04F79EFBC}") = "Shelter.Web.Tests", "tests\Shelter\Shelter.Web.Tests\Shelter.Web.Tests.csproj", "{C4847511-8D14-4184-8104-323237EDEBEB}"
EndProject
Project("{2150E333-8FDC-42A3-9474-1A3956D46DE8}") = "Shelter.Auth", "Shelter.Auth", "{57E524E1-BBA8-4E09-A402-8C1B222DAADC}"
EndProject
Project("{FAE04EC0-301F-11D3-BF4B-00C04F79EFBC}") = "Shelter.Auth.Data.Tests", "tests\Shelter.Auth\Shelter.Auth.Data.Tests\Shelter.Auth.Data.Tests.csproj", "{44051785-0967-4A84-BB74-830E2CACF601}"
EndProject
Project("{FAE04EC0-301F-11D3-BF4B-00C04F79EFBC}") = "Shelter.Auth.Web.Tests", "tests\Shelter.Auth\Shelter.Auth.Web.Tests\Shelter.Auth.Web.Tests.csproj", "{7B273044-0093-4DE0-8463-E44060BB9A03}"
EndProject
Project("{FAE04EC0-301F-11D3-BF4B-00C04F79EFBC}") = "Shelter.Core.Tests", "tests\Shelter\Shelter.Core.Tests\Shelter.Core.Tests.csproj", "{383E2BEB-F9CA-4B62-B4D2-D5A49741D100}"
EndProject
Project("{FAE04EC0-301F-11D3-BF4B-00C04F79EFBC}") = "Shelter.Web", "src\Shelter\Shelter.Web\Shelter.Web.csproj", "{04FA3C87-58BF-4634-8DF9-1FA2E606FF01}"
EndProject
Project("{FAE04EC0-301F-11D3-BF4B-00C04F79EFBC}") = "Shelter.Validation", "src\Shelter\Shelter.Validation\Shelter.Validation.csproj", "{CAC65614-963A-4C65-AD0F-D7B59D2DDE89}"
EndProject
Project("{FAE04EC0-301F-11D3-BF4B-00C04F79EFBC}") = "Shelter.Localization", "src\Shelter\Shelter.Localization\Shelter.Localization.csproj", "{465C110B-A62F-4933-933F-67D6F13BBC57}"
EndProject
Global
	GlobalSection(SolutionConfigurationPlatforms) = preSolution
		Debug|Any CPU = Debug|Any CPU
		Release|Any CPU = Release|Any CPU
	EndGlobalSection
	GlobalSection(ProjectConfigurationPlatforms) = postSolution
		{E07ACCB5-61C3-4875-83FB-B2E68EF98DC6}.Debug|Any CPU.ActiveCfg = Debug|Any CPU
		{E07ACCB5-61C3-4875-83FB-B2E68EF98DC6}.Debug|Any CPU.Build.0 = Debug|Any CPU
		{E07ACCB5-61C3-4875-83FB-B2E68EF98DC6}.Release|Any CPU.ActiveCfg = Release|Any CPU
		{E07ACCB5-61C3-4875-83FB-B2E68EF98DC6}.Release|Any CPU.Build.0 = Release|Any CPU
		{03FDC127-4C36-476D-B471-BA5A8F43D320}.Debug|Any CPU.ActiveCfg = Debug|Any CPU
		{03FDC127-4C36-476D-B471-BA5A8F43D320}.Debug|Any CPU.Build.0 = Debug|Any CPU
		{03FDC127-4C36-476D-B471-BA5A8F43D320}.Release|Any CPU.ActiveCfg = Release|Any CPU
		{03FDC127-4C36-476D-B471-BA5A8F43D320}.Release|Any CPU.Build.0 = Release|Any CPU
		{08704958-05E8-4851-BB32-C40CED324ADE}.Debug|Any CPU.ActiveCfg = Debug|Any CPU
		{08704958-05E8-4851-BB32-C40CED324ADE}.Debug|Any CPU.Build.0 = Debug|Any CPU
		{08704958-05E8-4851-BB32-C40CED324ADE}.Release|Any CPU.ActiveCfg = Release|Any CPU
		{08704958-05E8-4851-BB32-C40CED324ADE}.Release|Any CPU.Build.0 = Release|Any CPU
		{A4A5AA51-D0F5-4D0C-83C1-BBDC7C7C9BD5}.Debug|Any CPU.ActiveCfg = Debug|Any CPU
		{A4A5AA51-D0F5-4D0C-83C1-BBDC7C7C9BD5}.Debug|Any CPU.Build.0 = Debug|Any CPU
		{A4A5AA51-D0F5-4D0C-83C1-BBDC7C7C9BD5}.Release|Any CPU.ActiveCfg = Release|Any CPU
		{A4A5AA51-D0F5-4D0C-83C1-BBDC7C7C9BD5}.Release|Any CPU.Build.0 = Release|Any CPU
		{6F63B0D2-8CF5-48E2-9119-C89EB4F96FEB}.Debug|Any CPU.ActiveCfg = Debug|Any CPU
		{6F63B0D2-8CF5-48E2-9119-C89EB4F96FEB}.Debug|Any CPU.Build.0 = Debug|Any CPU
		{6F63B0D2-8CF5-48E2-9119-C89EB4F96FEB}.Release|Any CPU.ActiveCfg = Release|Any CPU
		{6F63B0D2-8CF5-48E2-9119-C89EB4F96FEB}.Release|Any CPU.Build.0 = Release|Any CPU
		{7826C9AF-88F0-4B61-B65E-F103941104F5}.Debug|Any CPU.ActiveCfg = Debug|Any CPU
		{7826C9AF-88F0-4B61-B65E-F103941104F5}.Debug|Any CPU.Build.0 = Debug|Any CPU
		{7826C9AF-88F0-4B61-B65E-F103941104F5}.Release|Any CPU.ActiveCfg = Release|Any CPU
		{7826C9AF-88F0-4B61-B65E-F103941104F5}.Release|Any CPU.Build.0 = Release|Any CPU
		{C4847511-8D14-4184-8104-323237EDEBEB}.Debug|Any CPU.ActiveCfg = Debug|Any CPU
		{C4847511-8D14-4184-8104-323237EDEBEB}.Debug|Any CPU.Build.0 = Debug|Any CPU
		{C4847511-8D14-4184-8104-323237EDEBEB}.Release|Any CPU.ActiveCfg = Release|Any CPU
		{C4847511-8D14-4184-8104-323237EDEBEB}.Release|Any CPU.Build.0 = Release|Any CPU
		{44051785-0967-4A84-BB74-830E2CACF601}.Debug|Any CPU.ActiveCfg = Debug|Any CPU
		{44051785-0967-4A84-BB74-830E2CACF601}.Debug|Any CPU.Build.0 = Debug|Any CPU
		{44051785-0967-4A84-BB74-830E2CACF601}.Release|Any CPU.ActiveCfg = Release|Any CPU
		{44051785-0967-4A84-BB74-830E2CACF601}.Release|Any CPU.Build.0 = Release|Any CPU
		{7B273044-0093-4DE0-8463-E44060BB9A03}.Debug|Any CPU.ActiveCfg = Debug|Any CPU
		{7B273044-0093-4DE0-8463-E44060BB9A03}.Debug|Any CPU.Build.0 = Debug|Any CPU
		{7B273044-0093-4DE0-8463-E44060BB9A03}.Release|Any CPU.ActiveCfg = Release|Any CPU
		{7B273044-0093-4DE0-8463-E44060BB9A03}.Release|Any CPU.Build.0 = Release|Any CPU
		{383E2BEB-F9CA-4B62-B4D2-D5A49741D100}.Debug|Any CPU.ActiveCfg = Debug|Any CPU
		{383E2BEB-F9CA-4B62-B4D2-D5A49741D100}.Debug|Any CPU.Build.0 = Debug|Any CPU
		{383E2BEB-F9CA-4B62-B4D2-D5A49741D100}.Release|Any CPU.ActiveCfg = Release|Any CPU
		{383E2BEB-F9CA-4B62-B4D2-D5A49741D100}.Release|Any CPU.Build.0 = Release|Any CPU
		{04FA3C87-58BF-4634-8DF9-1FA2E606FF01}.Debug|Any CPU.ActiveCfg = Debug|Any CPU
		{04FA3C87-58BF-4634-8DF9-1FA2E606FF01}.Debug|Any CPU.Build.0 = Debug|Any CPU
		{04FA3C87-58BF-4634-8DF9-1FA2E606FF01}.Release|Any CPU.ActiveCfg = Release|Any CPU
		{04FA3C87-58BF-4634-8DF9-1FA2E606FF01}.Release|Any CPU.Build.0 = Release|Any CPU
		{CAC65614-963A-4C65-AD0F-D7B59D2DDE89}.Debug|Any CPU.ActiveCfg = Debug|Any CPU
		{CAC65614-963A-4C65-AD0F-D7B59D2DDE89}.Debug|Any CPU.Build.0 = Debug|Any CPU
		{CAC65614-963A-4C65-AD0F-D7B59D2DDE89}.Release|Any CPU.ActiveCfg = Release|Any CPU
		{CAC65614-963A-4C65-AD0F-D7B59D2DDE89}.Release|Any CPU.Build.0 = Release|Any CPU
		{465C110B-A62F-4933-933F-67D6F13BBC57}.Debug|Any CPU.ActiveCfg = Debug|Any CPU
		{465C110B-A62F-4933-933F-67D6F13BBC57}.Debug|Any CPU.Build.0 = Debug|Any CPU
		{465C110B-A62F-4933-933F-67D6F13BBC57}.Release|Any CPU.ActiveCfg = Release|Any CPU
		{465C110B-A62F-4933-933F-67D6F13BBC57}.Release|Any CPU.Build.0 = Release|Any CPU
	EndGlobalSection
	GlobalSection(NestedProjects) = preSolution
		{28C81C67-9B3E-4733-B92F-8C714DA28759} = {F1938ED3-8031-42DD-B4E7-CC9943EC2558}
		{E07ACCB5-61C3-4875-83FB-B2E68EF98DC6} = {28C81C67-9B3E-4733-B92F-8C714DA28759}
		{03FDC127-4C36-476D-B471-BA5A8F43D320} = {28C81C67-9B3E-4733-B92F-8C714DA28759}
		{7CFBE47A-FDB6-4B71-A84D-23B095264C0D} = {F1938ED3-8031-42DD-B4E7-CC9943EC2558}
		{08704958-05E8-4851-BB32-C40CED324ADE} = {7CFBE47A-FDB6-4B71-A84D-23B095264C0D}
		{A4A5AA51-D0F5-4D0C-83C1-BBDC7C7C9BD5} = {7CFBE47A-FDB6-4B71-A84D-23B095264C0D}
		{6F63B0D2-8CF5-48E2-9119-C89EB4F96FEB} = {7CFBE47A-FDB6-4B71-A84D-23B095264C0D}
		{C3A167BC-47E6-4EE2-94EC-4F05AC5008FA} = {84F73A7B-A6D1-4638-AD24-5B632BB9D364}
		{7826C9AF-88F0-4B61-B65E-F103941104F5} = {C3A167BC-47E6-4EE2-94EC-4F05AC5008FA}
		{C4847511-8D14-4184-8104-323237EDEBEB} = {C3A167BC-47E6-4EE2-94EC-4F05AC5008FA}
		{57E524E1-BBA8-4E09-A402-8C1B222DAADC} = {84F73A7B-A6D1-4638-AD24-5B632BB9D364}
		{44051785-0967-4A84-BB74-830E2CACF601} = {57E524E1-BBA8-4E09-A402-8C1B222DAADC}
		{7B273044-0093-4DE0-8463-E44060BB9A03} = {57E524E1-BBA8-4E09-A402-8C1B222DAADC}
		{383E2BEB-F9CA-4B62-B4D2-D5A49741D100} = {C3A167BC-47E6-4EE2-94EC-4F05AC5008FA}
		{04FA3C87-58BF-4634-8DF9-1FA2E606FF01} = {28C81C67-9B3E-4733-B92F-8C714DA28759}
		{CAC65614-963A-4C65-AD0F-D7B59D2DDE89} = {28C81C67-9B3E-4733-B92F-8C714DA28759}
		{465C110B-A62F-4933-933F-67D6F13BBC57} = {28C81C67-9B3E-4733-B92F-8C714DA28759}
	EndGlobalSection
EndGlobal
